
Microsoft Visual Studio Solution File, Format Version 12.00
# Visual Studio 15
VisualStudioVersion = 15.0.28010.2036
MinimumVisualStudioVersion = 10.0.40219.1
Project("{FAE04EC0-301F-11D3-BF4B-00C04F79EFBC}") = "StructureMapIoC", "StructureMapIoC\StructureMapIoC.csproj", "{AF57942C-7E7A-488B-85D9-89DC657B6C65}"
EndProject
Global
	GlobalSection(SolutionConfigurationPlatforms) = preSolution
		Debug|Any CPU = Debug|Any CPU
		Release|Any CPU = Release|Any CPU
	EndGlobalSection
	GlobalSection(ProjectConfigurationPlatforms) = postSolution
		{AF57942C-7E7A-488B-85D9-89DC657B6C65}.Debug|Any CPU.ActiveCfg = Debug|Any CPU
		{AF57942C-7E7A-488B-85D9-89DC657B6C65}.Debug|Any CPU.Build.0 = Debug|Any CPU
		{AF57942C-7E7A-488B-85D9-89DC657B6C65}.Release|Any CPU.ActiveCfg = Release|Any CPU
		{AF57942C-7E7A-488B-85D9-89DC657B6C65}.Release|Any CPU.Build.0 = Release|Any CPU
	EndGlobalSection
	GlobalSection(SolutionProperties) = preSolution
		HideSolutionNode = FALSE
	EndGlobalSection
	GlobalSection(ExtensibilityGlobals) = postSolution
		SolutionGuid = {94A30C16-E7C8-4DA0-89C6-8319710CA62B}
	EndGlobalSection
EndGlobal
